
Microsoft Visual Studio Solution File, Format Version 12.00
# Visual Studio Version 16
VisualStudioVersion = 16.0.30907.101
MinimumVisualStudioVersion = 10.0.40219.1
Project("{8BC9CEB8-8B4A-11D0-8D11-00A0C91BC942}") = "Engine_0", "Engine_0.vcxproj", "{65B984C6-003F-417A-8C48-A0CF32CF0AF4}"
EndProject
Global
	GlobalSection(SolutionConfigurationPlatforms) = preSolution
		Debug|x64 = Debug|x64
		Debug|x86 = Debug|x86
		Release|x64 = Release|x64
		Release|x86 = Release|x86
	EndGlobalSection
	GlobalSection(ProjectConfigurationPlatforms) = postSolution
		{65B984C6-003F-417A-8C48-A0CF32CF0AF4}.Debug|x64.ActiveCfg = Debug|x64
		{65B984C6-003F-417A-8C48-A0CF32CF0AF4}.Debug|x64.Build.0 = Debug|x64
		{65B984C6-003F-417A-8C48-A0CF32CF0AF4}.Debug|x86.ActiveCfg = Debug|Win32
		{65B984C6-003F-417A-8C48-A0CF32CF0AF4}.Debug|x86.Build.0 = Debug|Win32
		{65B984C6-003F-417A-8C48-A0CF32CF0AF4}.Release|x64.ActiveCfg = Release|x64
		{65B984C6-003F-417A-8C48-A0CF32CF0AF4}.Release|x64.Build.0 = Release|x64
		{65B984C6-003F-417A-8C48-A0CF32CF0AF4}.Release|x86.ActiveCfg = Release|Win32
		{65B984C6-003F-417A-8C48-A0CF32CF0AF4}.Release|x86.Build.0 = Release|Win32
	EndGlobalSection
	GlobalSection(SolutionProperties) = preSolution
		HideSolutionNode = FALSE
	EndGlobalSection
	GlobalSection(ExtensibilityGlobals) = postSolution
		SolutionGuid = {75891DF4-A9F3-4C86-9049-07A3867EE6A6}
	EndGlobalSection
EndGlobal
